// !$*UTF8*$!
{
	archiveVersion = 1;
	classes = {
	};
	objectVersion = 77;
	objects = {

/* Begin PBXFileReference section */
		0D4C21372D9F6D8400B5E813 /* profiling.instrdst */ = {isa = PBXFileReference; explicitFileType = com.apple.instruments.instrdst; includeInIndex = 0; path = profiling.instrdst; sourceTree = BUILT_PRODUCTS_DIR; };
/* End PBXFileReference section */

/* Begin PBXFileSystemSynchronizedRootGroup section */
		0D4C21392D9F6D8400B5E813 /* profiling */ = {
			isa = PBXFileSystemSynchronizedRootGroup;
			path = profiling;
			sourceTree = "<group>";
		};
/* End PBXFileSystemSynchronizedRootGroup section */

/* Begin PBXGroup section */
		0D4C21302D9F6D8400B5E813 = {
			isa = PBXGroup;
			children = (
				0D4C21392D9F6D8400B5E813 /* profiling */,
				0D4C21382D9F6D8400B5E813 /* Products */,
			);
			sourceTree = "<group>";
		};
		0D4C21382D9F6D8400B5E813 /* Products */ = {
			isa = PBXGroup;
			children = (
				0D4C21372D9F6D8400B5E813 /* profiling.instrdst */,
			);
			name = Products;
			sourceTree = "<group>";
		};
/* End PBXGroup section */

/* Begin PBXNativeTarget section */
		0D4C21362D9F6D8400B5E813 /* profiling */ = {
			isa = PBXNativeTarget;
			buildConfigurationList = 0D4C213C2D9F6D8400B5E813 /* Build configuration list for PBXNativeTarget "profiling" */;
			buildPhases = (
				0D4C21352D9F6D8400B5E813 /* Sources */,
			);
			buildRules = (
			);
			dependencies = (
			);
			fileSystemSynchronizedGroups = (
				0D4C21392D9F6D8400B5E813 /* profiling */,
			);
			name = profiling;
			packageProductDependencies = (
			);
			productName = profiling;
			productReference = 0D4C21372D9F6D8400B5E813 /* profiling.instrdst */;
			productType = "com.apple.product-type.instruments-package";
		};
/* End PBXNativeTarget section */

/* Begin PBXProject section */
		0D4C21312D9F6D8400B5E813 /* Project object */ = {
			isa = PBXProject;
			attributes = {
				BuildIndependentTargetsInParallel = 1;
				LastUpgradeCheck = 1630;
				TargetAttributes = {
					0D4C21362D9F6D8400B5E813 = {
						CreatedOnToolsVersion = 16.3;
					};
				};
			};
			buildConfigurationList = 0D4C21342D9F6D8400B5E813 /* Build configuration list for PBXProject "profiling" */;
			developmentRegion = en;
			hasScannedForEncodings = 0;
			knownRegions = (
				en,
				Base,
			);
			mainGroup = 0D4C21302D9F6D8400B5E813;
			minimizedProjectReferenceProxies = 1;
			preferredProjectObjectVersion = 77;
			productRefGroup = 0D4C21382D9F6D8400B5E813 /* Products */;
			projectDirPath = "";
			projectRoot = "";
			targets = (
				0D4C21362D9F6D8400B5E813 /* profiling */,
			);
		};
/* End PBXProject section */

/* Begin PBXSourcesBuildPhase section */
		0D4C21352D9F6D8400B5E813 /* Sources */ = {
			isa = PBXSourcesBuildPhase;
			buildActionMask = 2147483647;
			files = (
			);
			runOnlyForDeploymentPostprocessing = 0;
		};
/* End PBXSourcesBuildPhase section */

/* Begin XCBuildConfiguration section */
		0D4C21322D9F6D8400B5E813 /* Debug */ = {
			isa = XCBuildConfiguration;
			buildSettings = {
				COPY_PHASE_STRIP = NO;
			};
			name = Debug;
		};
		0D4C21332D9F6D8400B5E813 /* Release */ = {
			isa = XCBuildConfiguration;
			buildSettings = {
				COPY_PHASE_STRIP = YES;
			};
			name = Release;
		};
		0D4C213D2D9F6D8400B5E813 /* Debug */ = {
			isa = XCBuildConfiguration;
			buildSettings = {
				ALWAYS_SEARCH_USER_PATHS = NO;
				CODE_SIGN_STYLE = Automatic;
				DEVELOPMENT_TEAM = 2A72CY7QWX;
				INSTALL_PATH = "$(LOCAL_LIBRARY_DIR)/Instruments/Packages";
				PRODUCT_NAME = "$(TARGET_NAME)";
				VERSIONING_SYSTEM = "";
			};
			name = Debug;
		};
		0D4C213E2D9F6D8400B5E813 /* Release */ = {
			isa = XCBuildConfiguration;
			buildSettings = {
				ALWAYS_SEARCH_USER_PATHS = NO;
				CODE_SIGN_STYLE = Automatic;
				DEVELOPMENT_TEAM = 2A72CY7QWX;
				INSTALL_PATH = "$(LOCAL_LIBRARY_DIR)/Instruments/Packages";
				PRODUCT_NAME = "$(TARGET_NAME)";
				VERSIONING_SYSTEM = "";
			};
			name = Release;
		};
/* End XCBuildConfiguration section */

/* Begin XCConfigurationList section */
		0D4C21342D9F6D8400B5E813 /* Build configuration list for PBXProject "profiling" */ = {
			isa = XCConfigurationList;
			buildConfigurations = (
				0D4C21322D9F6D8400B5E813 /* Debug */,
				0D4C21332D9F6D8400B5E813 /* Release */,
			);
			defaultConfigurationIsVisible = 0;
			defaultConfigurationName = Release;
		};
		0D4C213C2D9F6D8400B5E813 /* Build configuration list for PBXNativeTarget "profiling" */ = {
			isa = XCConfigurationList;
			buildConfigurations = (
				0D4C213D2D9F6D8400B5E813 /* Debug */,
				0D4C213E2D9F6D8400B5E813 /* Release */,
			);
			defaultConfigurationIsVisible = 0;
			defaultConfigurationName = Release;
		};
/* End XCConfigurationList section */
	};
	rootObject = 0D4C21312D9F6D8400B5E813 /* Project object */;
}
